
Microsoft Visual Studio Solution File, Format Version 12.00
# Visual Studio Version 17
VisualStudioVersion = 17.0.31903.59
MinimumVisualStudioVersion = 10.0.40219.1
Project("{FAE04EC0-301F-11D3-BF4B-00C04F79EFBC}") = "API", "API\API.csproj", "{7D27790D-00F0-4C68-AD3A-180B0301C19C}"
EndProject
Project("{FAE04EC0-301F-11D3-BF4B-00C04F79EFBC}") = "Persistencia", "Persistencia\Persistencia.csproj", "{BA2AFEFD-7990-449D-AD45-EA50E835B5F7}"
EndProject
Project("{FAE04EC0-301F-11D3-BF4B-00C04F79EFBC}") = "Aplicacion", "Aplicacion\Aplicacion.csproj", "{F27111CD-B31D-420E-9C49-F39A52217D91}"
EndProject
Project("{FAE04EC0-301F-11D3-BF4B-00C04F79EFBC}") = "Dominio", "Dominio\Dominio.csproj", "{48B7611A-371E-4E21-9498-60390A1AEF37}"
EndProject
Global
	GlobalSection(SolutionConfigurationPlatforms) = preSolution
		Debug|Any CPU = Debug|Any CPU
		Release|Any CPU = Release|Any CPU
	EndGlobalSection
	GlobalSection(SolutionProperties) = preSolution
		HideSolutionNode = FALSE
	EndGlobalSection
	GlobalSection(ProjectConfigurationPlatforms) = postSolution
		{7D27790D-00F0-4C68-AD3A-180B0301C19C}.Debug|Any CPU.ActiveCfg = Debug|Any CPU
		{7D27790D-00F0-4C68-AD3A-180B0301C19C}.Debug|Any CPU.Build.0 = Debug|Any CPU
		{7D27790D-00F0-4C68-AD3A-180B0301C19C}.Release|Any CPU.ActiveCfg = Release|Any CPU
		{7D27790D-00F0-4C68-AD3A-180B0301C19C}.Release|Any CPU.Build.0 = Release|Any CPU
		{BA2AFEFD-7990-449D-AD45-EA50E835B5F7}.Debug|Any CPU.ActiveCfg = Debug|Any CPU
		{BA2AFEFD-7990-449D-AD45-EA50E835B5F7}.Debug|Any CPU.Build.0 = Debug|Any CPU
		{BA2AFEFD-7990-449D-AD45-EA50E835B5F7}.Release|Any CPU.ActiveCfg = Release|Any CPU
		{BA2AFEFD-7990-449D-AD45-EA50E835B5F7}.Release|Any CPU.Build.0 = Release|Any CPU
		{F27111CD-B31D-420E-9C49-F39A52217D91}.Debug|Any CPU.ActiveCfg = Debug|Any CPU
		{F27111CD-B31D-420E-9C49-F39A52217D91}.Debug|Any CPU.Build.0 = Debug|Any CPU
		{F27111CD-B31D-420E-9C49-F39A52217D91}.Release|Any CPU.ActiveCfg = Release|Any CPU
		{F27111CD-B31D-420E-9C49-F39A52217D91}.Release|Any CPU.Build.0 = Release|Any CPU
		{48B7611A-371E-4E21-9498-60390A1AEF37}.Debug|Any CPU.ActiveCfg = Debug|Any CPU
		{48B7611A-371E-4E21-9498-60390A1AEF37}.Debug|Any CPU.Build.0 = Debug|Any CPU
		{48B7611A-371E-4E21-9498-60390A1AEF37}.Release|Any CPU.ActiveCfg = Release|Any CPU
		{48B7611A-371E-4E21-9498-60390A1AEF37}.Release|Any CPU.Build.0 = Release|Any CPU
	EndGlobalSection
EndGlobal
